// !$*UTF8*$!
{
	archiveVersion = 1;
	classes = {
	};
	objectVersion = 77;
	objects = {

/* Begin PBXBuildFile section */
		153B284E2D8514A700F8D5DB /* LeadEssentialFeed.framework in Frameworks */ = {isa = PBXBuildFile; fileRef = 154409B52D52EC35001D551E /* LeadEssentialFeed.framework */; };
		154409C02D52EC35001D551E /* LeadEssentialFeed.framework in Frameworks */ = {isa = PBXBuildFile; fileRef = 154409B52D52EC35001D551E /* LeadEssentialFeed.framework */; };
		15C1051F2D63614700E7776A /* LeadEssentialFeed.framework in Frameworks */ = {isa = PBXBuildFile; fileRef = 154409B52D52EC35001D551E /* LeadEssentialFeed.framework */; };
		15D8DF862D869418007B336F /* EssentialFeediOS.framework in Frameworks */ = {isa = PBXBuildFile; fileRef = 15D8DF7C2D869418007B336F /* EssentialFeediOS.framework */; };
		15E75B142D6A0D0B0053DCE3 /* README.md in Resources */ = {isa = PBXBuildFile; fileRef = 15E75B132D6A0D0B0053DCE3 /* README.md */; };
		15E75B152D6A0D0B0053DCE3 /* README.md in Resources */ = {isa = PBXBuildFile; fileRef = 15E75B132D6A0D0B0053DCE3 /* README.md */; };
/* End PBXBuildFile section */

/* Begin PBXContainerItemProxy section */
		153B284F2D8514A700F8D5DB /* PBXContainerItemProxy */ = {
			isa = PBXContainerItemProxy;
			containerPortal = 154409AC2D52EC35001D551E /* Project object */;
			proxyType = 1;
			remoteGlobalIDString = 154409B42D52EC35001D551E;
			remoteInfo = LeadEssentialFeed;
		};
		154409C12D52EC35001D551E /* PBXContainerItemProxy */ = {
			isa = PBXContainerItemProxy;
			containerPortal = 154409AC2D52EC35001D551E /* Project object */;
			proxyType = 1;
			remoteGlobalIDString = 154409B42D52EC35001D551E;
			remoteInfo = LeadEssentialFeed;
		};
		15C105202D63614700E7776A /* PBXContainerItemProxy */ = {
			isa = PBXContainerItemProxy;
			containerPortal = 154409AC2D52EC35001D551E /* Project object */;
			proxyType = 1;
			remoteGlobalIDString = 154409B42D52EC35001D551E;
			remoteInfo = LeadEssentialFeed;
		};
		15D8DF872D869418007B336F /* PBXContainerItemProxy */ = {
			isa = PBXContainerItemProxy;
			containerPortal = 154409AC2D52EC35001D551E /* Project object */;
			proxyType = 1;
			remoteGlobalIDString = 15D8DF7B2D869418007B336F;
			remoteInfo = EssentialFeediOS;
		};
/* End PBXContainerItemProxy section */

/* Begin PBXFileReference section */
		153B284A2D8514A700F8D5DB /* EssentialFeedCacheIntegrationTests.xctest */ = {isa = PBXFileReference; explicitFileType = wrapper.cfbundle; includeInIndex = 0; path = EssentialFeedCacheIntegrationTests.xctest; sourceTree = BUILT_PRODUCTS_DIR; };
		153B28542D8514BA00F8D5DB /* EssentialFeedCacheIntegrationTests.xctestplan */ = {isa = PBXFileReference; lastKnownFileType = text; path = EssentialFeedCacheIntegrationTests.xctestplan; sourceTree = "<group>"; };
		153B28552D85150C00F8D5DB /* EssentialFeedAPIEndToEndTests.xctestplan */ = {isa = PBXFileReference; lastKnownFileType = text; path = EssentialFeedAPIEndToEndTests.xctestplan; sourceTree = "<group>"; };
		154409B52D52EC35001D551E /* LeadEssentialFeed.framework */ = {isa = PBXFileReference; explicitFileType = wrapper.framework; includeInIndex = 0; path = LeadEssentialFeed.framework; sourceTree = BUILT_PRODUCTS_DIR; };
		154409BF2D52EC35001D551E /* LeadEssentialFeedTests.xctest */ = {isa = PBXFileReference; explicitFileType = wrapper.cfbundle; includeInIndex = 0; path = LeadEssentialFeedTests.xctest; sourceTree = BUILT_PRODUCTS_DIR; };
		15C1051B2D63614700E7776A /* EssentialFeedAPIEndToEndTests.xctest */ = {isa = PBXFileReference; explicitFileType = wrapper.cfbundle; includeInIndex = 0; path = EssentialFeedAPIEndToEndTests.xctest; sourceTree = BUILT_PRODUCTS_DIR; };
		15D8DF7C2D869418007B336F /* EssentialFeediOS.framework */ = {isa = PBXFileReference; explicitFileType = wrapper.framework; includeInIndex = 0; path = EssentialFeediOS.framework; sourceTree = BUILT_PRODUCTS_DIR; };
		15D8DF852D869418007B336F /* EssentialFeediOSTests.xctest */ = {isa = PBXFileReference; explicitFileType = wrapper.cfbundle; includeInIndex = 0; path = EssentialFeediOSTests.xctest; sourceTree = BUILT_PRODUCTS_DIR; };
		15D8DF942D869459007B336F /* EssentialFeediOS.xctestplan */ = {isa = PBXFileReference; lastKnownFileType = text; path = EssentialFeediOS.xctestplan; sourceTree = "<group>"; };
		15E75B132D6A0D0B0053DCE3 /* README.md */ = {isa = PBXFileReference; lastKnownFileType = net.daringfireball.markdown; path = README.md; sourceTree = "<group>"; };
		15F04A7C2D639A4800E0B222 /* LeadEssentialFeed.xctestplan */ = {isa = PBXFileReference; lastKnownFileType = text; path = LeadEssentialFeed.xctestplan; sourceTree = "<group>"; };
/* End PBXFileReference section */

/* Begin PBXFileSystemSynchronizedBuildFileExceptionSet section */
		153B28572D8517E500F8D5DB /* Exceptions for "LeadEssentialFeedTests" folder in "EssentialFeedCacheIntegrationTests" target */ = {
			isa = PBXFileSystemSynchronizedBuildFileExceptionSet;
			membershipExceptions = (
				FeedCache/Helper/FeedCacheTestsHelper.swift,
				Helpers/SharedTestHelpers.swift,
				"Helpers/XCTestCase+MemoryLeakTracking.swift",
			);
			target = 153B28492D8514A700F8D5DB /* EssentialFeedCacheIntegrationTests */;
		};
		154409C72D52EC35001D551E /* Exceptions for "LeadEssentialFeed" folder in "LeadEssentialFeed" target */ = {
			isa = PBXFileSystemSynchronizedBuildFileExceptionSet;
			publicHeaders = (
				LeadEssentialFeed.h,
			);
			target = 154409B42D52EC35001D551E /* LeadEssentialFeed */;
		};
		15C105262D6367FB00E7776A /* Exceptions for "LeadEssentialFeedTests" folder in "EssentialFeedAPIEndToEndTests" target */ = {
			isa = PBXFileSystemSynchronizedBuildFileExceptionSet;
			membershipExceptions = (
				Helpers/SharedTestHelpers.swift,
				"Helpers/XCTestCase+MemoryLeakTracking.swift",
			);
			target = 15C1051A2D63614700E7776A /* EssentialFeedAPIEndToEndTests */;
		};
/* End PBXFileSystemSynchronizedBuildFileExceptionSet section */

/* Begin PBXFileSystemSynchronizedRootGroup section */
		153B284B2D8514A700F8D5DB /* EssentialFeedCacheIntegrationTests */ = {
			isa = PBXFileSystemSynchronizedRootGroup;
			path = EssentialFeedCacheIntegrationTests;
			sourceTree = "<group>";
		};
		154409B72D52EC35001D551E /* LeadEssentialFeed */ = {
			isa = PBXFileSystemSynchronizedRootGroup;
			exceptions = (
				154409C72D52EC35001D551E /* Exceptions for "LeadEssentialFeed" folder in "LeadEssentialFeed" target */,
			);
			path = LeadEssentialFeed;
			sourceTree = "<group>";
		};
		154409C32D52EC35001D551E /* LeadEssentialFeedTests */ = {
			isa = PBXFileSystemSynchronizedRootGroup;
			exceptions = (
				15C105262D6367FB00E7776A /* Exceptions for "LeadEssentialFeedTests" folder in "EssentialFeedAPIEndToEndTests" target */,
				153B28572D8517E500F8D5DB /* Exceptions for "LeadEssentialFeedTests" folder in "EssentialFeedCacheIntegrationTests" target */,
			);
			path = LeadEssentialFeedTests;
			sourceTree = "<group>";
		};
		15C1051C2D63614700E7776A /* EssentialFeedAPIEndToEndTests */ = {
			isa = PBXFileSystemSynchronizedRootGroup;
			path = EssentialFeedAPIEndToEndTests;
			sourceTree = "<group>";
		};
		15D8DF7D2D869418007B336F /* EssentialFeediOS */ = {
			isa = PBXFileSystemSynchronizedRootGroup;
			path = EssentialFeediOS;
			sourceTree = "<group>";
		};
		15D8DF892D869418007B336F /* EssentialFeediOSTests */ = {
			isa = PBXFileSystemSynchronizedRootGroup;
			path = EssentialFeediOSTests;
			sourceTree = "<group>";
		};
/* End PBXFileSystemSynchronizedRootGroup section */

/* Begin PBXFrameworksBuildPhase section */
		153B28472D8514A700F8D5DB /* Frameworks */ = {
			isa = PBXFrameworksBuildPhase;
			buildActionMask = 2147483647;
			files = (
				153B284E2D8514A700F8D5DB /* LeadEssentialFeed.framework in Frameworks */,
			);
			runOnlyForDeploymentPostprocessing = 0;
		};
		154409B22D52EC35001D551E /* Frameworks */ = {
			isa = PBXFrameworksBuildPhase;
			buildActionMask = 2147483647;
			files = (
			);
			runOnlyForDeploymentPostprocessing = 0;
		};
		154409BC2D52EC35001D551E /* Frameworks */ = {
			isa = PBXFrameworksBuildPhase;
			buildActionMask = 2147483647;
			files = (
				154409C02D52EC35001D551E /* LeadEssentialFeed.framework in Frameworks */,
			);
			runOnlyForDeploymentPostprocessing = 0;
		};
		15C105182D63614700E7776A /* Frameworks */ = {
			isa = PBXFrameworksBuildPhase;
			buildActionMask = 2147483647;
			files = (
				15C1051F2D63614700E7776A /* LeadEssentialFeed.framework in Frameworks */,
			);
			runOnlyForDeploymentPostprocessing = 0;
		};
		15D8DF792D869418007B336F /* Frameworks */ = {
			isa = PBXFrameworksBuildPhase;
			buildActionMask = 2147483647;
			files = (
			);
			runOnlyForDeploymentPostprocessing = 0;
		};
		15D8DF822D869418007B336F /* Frameworks */ = {
			isa = PBXFrameworksBuildPhase;
			buildActionMask = 2147483647;
			files = (
				15D8DF862D869418007B336F /* EssentialFeediOS.framework in Frameworks */,
			);
			runOnlyForDeploymentPostprocessing = 0;
		};
/* End PBXFrameworksBuildPhase section */

/* Begin PBXGroup section */
		154409AB2D52EC35001D551E = {
			isa = PBXGroup;
			children = (
				15D8DF942D869459007B336F /* EssentialFeediOS.xctestplan */,
				153B28552D85150C00F8D5DB /* EssentialFeedAPIEndToEndTests.xctestplan */,
				153B28542D8514BA00F8D5DB /* EssentialFeedCacheIntegrationTests.xctestplan */,
				15E75B132D6A0D0B0053DCE3 /* README.md */,
				15F04A7C2D639A4800E0B222 /* LeadEssentialFeed.xctestplan */,
				154409B72D52EC35001D551E /* LeadEssentialFeed */,
				154409C32D52EC35001D551E /* LeadEssentialFeedTests */,
				15C1051C2D63614700E7776A /* EssentialFeedAPIEndToEndTests */,
				153B284B2D8514A700F8D5DB /* EssentialFeedCacheIntegrationTests */,
				15D8DF7D2D869418007B336F /* EssentialFeediOS */,
				15D8DF892D869418007B336F /* EssentialFeediOSTests */,
				154409B62D52EC35001D551E /* Products */,
			);
			sourceTree = "<group>";
		};
		154409B62D52EC35001D551E /* Products */ = {
			isa = PBXGroup;
			children = (
				154409B52D52EC35001D551E /* LeadEssentialFeed.framework */,
				154409BF2D52EC35001D551E /* LeadEssentialFeedTests.xctest */,
				15C1051B2D63614700E7776A /* EssentialFeedAPIEndToEndTests.xctest */,
				153B284A2D8514A700F8D5DB /* EssentialFeedCacheIntegrationTests.xctest */,
				15D8DF7C2D869418007B336F /* EssentialFeediOS.framework */,
				15D8DF852D869418007B336F /* EssentialFeediOSTests.xctest */,
			);
			name = Products;
			sourceTree = "<group>";
		};
/* End PBXGroup section */

/* Begin PBXHeadersBuildPhase section */
		154409B02D52EC35001D551E /* Headers */ = {
			isa = PBXHeadersBuildPhase;
			buildActionMask = 2147483647;
			files = (
			);
			runOnlyForDeploymentPostprocessing = 0;
		};
		15D8DF772D869418007B336F /* Headers */ = {
			isa = PBXHeadersBuildPhase;
			buildActionMask = 2147483647;
			files = (
			);
			runOnlyForDeploymentPostprocessing = 0;
		};
/* End PBXHeadersBuildPhase section */

/* Begin PBXNativeTarget section */
		153B28492D8514A700F8D5DB /* EssentialFeedCacheIntegrationTests */ = {
			isa = PBXNativeTarget;
			buildConfigurationList = 153B28512D8514A700F8D5DB /* Build configuration list for PBXNativeTarget "EssentialFeedCacheIntegrationTests" */;
			buildPhases = (
				153B28462D8514A700F8D5DB /* Sources */,
				153B28472D8514A700F8D5DB /* Frameworks */,
				153B28482D8514A700F8D5DB /* Resources */,
			);
			buildRules = (
			);
			dependencies = (
				153B28502D8514A700F8D5DB /* PBXTargetDependency */,
			);
			fileSystemSynchronizedGroups = (
				153B284B2D8514A700F8D5DB /* EssentialFeedCacheIntegrationTests */,
			);
			name = EssentialFeedCacheIntegrationTests;
			packageProductDependencies = (
			);
			productName = EssentialFeedCacheIntegrationTests;
			productReference = 153B284A2D8514A700F8D5DB /* EssentialFeedCacheIntegrationTests.xctest */;
			productType = "com.apple.product-type.bundle.unit-test";
		};
		154409B42D52EC35001D551E /* LeadEssentialFeed */ = {
			isa = PBXNativeTarget;
			buildConfigurationList = 154409C82D52EC35001D551E /* Build configuration list for PBXNativeTarget "LeadEssentialFeed" */;
			buildPhases = (
				154409B02D52EC35001D551E /* Headers */,
				154409B12D52EC35001D551E /* Sources */,
				154409B22D52EC35001D551E /* Frameworks */,
				154409B32D52EC35001D551E /* Resources */,
			);
			buildRules = (
			);
			dependencies = (
			);
			fileSystemSynchronizedGroups = (
				154409B72D52EC35001D551E /* LeadEssentialFeed */,
			);
			name = LeadEssentialFeed;
			packageProductDependencies = (
			);
			productName = LeadEssentialFeed;
			productReference = 154409B52D52EC35001D551E /* LeadEssentialFeed.framework */;
			productType = "com.apple.product-type.framework";
		};
		154409BE2D52EC35001D551E /* LeadEssentialFeedTests */ = {
			isa = PBXNativeTarget;
			buildConfigurationList = 154409CD2D52EC35001D551E /* Build configuration list for PBXNativeTarget "LeadEssentialFeedTests" */;
			buildPhases = (
				154409BB2D52EC35001D551E /* Sources */,
				154409BC2D52EC35001D551E /* Frameworks */,
				154409BD2D52EC35001D551E /* Resources */,
			);
			buildRules = (
			);
			dependencies = (
				154409C22D52EC35001D551E /* PBXTargetDependency */,
			);
			fileSystemSynchronizedGroups = (
				154409C32D52EC35001D551E /* LeadEssentialFeedTests */,
			);
			name = LeadEssentialFeedTests;
			packageProductDependencies = (
			);
			productName = LeadEssentialFeedTests;
			productReference = 154409BF2D52EC35001D551E /* LeadEssentialFeedTests.xctest */;
			productType = "com.apple.product-type.bundle.unit-test";
		};
		15C1051A2D63614700E7776A /* EssentialFeedAPIEndToEndTests */ = {
			isa = PBXNativeTarget;
			buildConfigurationList = 15C105222D63614700E7776A /* Build configuration list for PBXNativeTarget "EssentialFeedAPIEndToEndTests" */;
			buildPhases = (
				15C105172D63614700E7776A /* Sources */,
				15C105182D63614700E7776A /* Frameworks */,
				15C105192D63614700E7776A /* Resources */,
			);
			buildRules = (
			);
			dependencies = (
				15C105212D63614700E7776A /* PBXTargetDependency */,
			);
			fileSystemSynchronizedGroups = (
				15C1051C2D63614700E7776A /* EssentialFeedAPIEndToEndTests */,
			);
			name = EssentialFeedAPIEndToEndTests;
			packageProductDependencies = (
			);
			productName = EssentialFeedAPIEndToEndTests;
			productReference = 15C1051B2D63614700E7776A /* EssentialFeedAPIEndToEndTests.xctest */;
			productType = "com.apple.product-type.bundle.unit-test";
		};
		15D8DF7B2D869418007B336F /* EssentialFeediOS */ = {
			isa = PBXNativeTarget;
			buildConfigurationList = 15D8DF8E2D869418007B336F /* Build configuration list for PBXNativeTarget "EssentialFeediOS" */;
			buildPhases = (
				15D8DF772D869418007B336F /* Headers */,
				15D8DF782D869418007B336F /* Sources */,
				15D8DF792D869418007B336F /* Frameworks */,
				15D8DF7A2D869418007B336F /* Resources */,
			);
			buildRules = (
			);
			dependencies = (
			);
			fileSystemSynchronizedGroups = (
				15D8DF7D2D869418007B336F /* EssentialFeediOS */,
			);
			name = EssentialFeediOS;
			packageProductDependencies = (
			);
			productName = EssentialFeediOS;
			productReference = 15D8DF7C2D869418007B336F /* EssentialFeediOS.framework */;
			productType = "com.apple.product-type.framework";
		};
		15D8DF842D869418007B336F /* EssentialFeediOSTests */ = {
			isa = PBXNativeTarget;
			buildConfigurationList = 15D8DF912D869418007B336F /* Build configuration list for PBXNativeTarget "EssentialFeediOSTests" */;
			buildPhases = (
				15D8DF812D869418007B336F /* Sources */,
				15D8DF822D869418007B336F /* Frameworks */,
				15D8DF832D869418007B336F /* Resources */,
			);
			buildRules = (
			);
			dependencies = (
				15D8DF882D869418007B336F /* PBXTargetDependency */,
			);
			fileSystemSynchronizedGroups = (
				15D8DF892D869418007B336F /* EssentialFeediOSTests */,
			);
			name = EssentialFeediOSTests;
			packageProductDependencies = (
			);
			productName = EssentialFeediOSTests;
			productReference = 15D8DF852D869418007B336F /* EssentialFeediOSTests.xctest */;
			productType = "com.apple.product-type.bundle.unit-test";
		};
/* End PBXNativeTarget section */

/* Begin PBXProject section */
		154409AC2D52EC35001D551E /* Project object */ = {
			isa = PBXProject;
			attributes = {
				BuildIndependentTargetsInParallel = 1;
				LastSwiftUpdateCheck = 1620;
				LastUpgradeCheck = 1620;
				TargetAttributes = {
					153B28492D8514A700F8D5DB = {
						CreatedOnToolsVersion = 16.2;
					};
					154409B42D52EC35001D551E = {
						CreatedOnToolsVersion = 16.0;
					};
					154409BE2D52EC35001D551E = {
						CreatedOnToolsVersion = 16.0;
					};
					15C1051A2D63614700E7776A = {
						CreatedOnToolsVersion = 16.0;
					};
					15D8DF7B2D869418007B336F = {
						CreatedOnToolsVersion = 16.2;
					};
					15D8DF842D869418007B336F = {
						CreatedOnToolsVersion = 16.2;
					};
				};
			};
			buildConfigurationList = 154409AF2D52EC35001D551E /* Build configuration list for PBXProject "LeadEssentialFeed" */;
			developmentRegion = en;
			hasScannedForEncodings = 0;
			knownRegions = (
				en,
				Base,
			);
			mainGroup = 154409AB2D52EC35001D551E;
			minimizedProjectReferenceProxies = 1;
			preferredProjectObjectVersion = 77;
			productRefGroup = 154409B62D52EC35001D551E /* Products */;
			projectDirPath = "";
			projectRoot = "";
			targets = (
				154409B42D52EC35001D551E /* LeadEssentialFeed */,
				154409BE2D52EC35001D551E /* LeadEssentialFeedTests */,
				15C1051A2D63614700E7776A /* EssentialFeedAPIEndToEndTests */,
				153B28492D8514A700F8D5DB /* EssentialFeedCacheIntegrationTests */,
				15D8DF7B2D869418007B336F /* EssentialFeediOS */,
				15D8DF842D869418007B336F /* EssentialFeediOSTests */,
			);
		};
/* End PBXProject section */

/* Begin PBXResourcesBuildPhase section */
		153B28482D8514A700F8D5DB /* Resources */ = {
			isa = PBXResourcesBuildPhase;
			buildActionMask = 2147483647;
			files = (
			);
			runOnlyForDeploymentPostprocessing = 0;
		};
		154409B32D52EC35001D551E /* Resources */ = {
			isa = PBXResourcesBuildPhase;
			buildActionMask = 2147483647;
			files = (
				15E75B152D6A0D0B0053DCE3 /* README.md in Resources */,
			);
			runOnlyForDeploymentPostprocessing = 0;
		};
		154409BD2D52EC35001D551E /* Resources */ = {
			isa = PBXResourcesBuildPhase;
			buildActionMask = 2147483647;
			files = (
			);
			runOnlyForDeploymentPostprocessing = 0;
		};
		15C105192D63614700E7776A /* Resources */ = {
			isa = PBXResourcesBuildPhase;
			buildActionMask = 2147483647;
			files = (
				15E75B142D6A0D0B0053DCE3 /* README.md in Resources */,
			);
			runOnlyForDeploymentPostprocessing = 0;
		};
		15D8DF7A2D869418007B336F /* Resources */ = {
			isa = PBXResourcesBuildPhase;
			buildActionMask = 2147483647;
			files = (
			);
			runOnlyForDeploymentPostprocessing = 0;
		};
		15D8DF832D869418007B336F /* Resources */ = {
			isa = PBXResourcesBuildPhase;
			buildActionMask = 2147483647;
			files = (
			);
			runOnlyForDeploymentPostprocessing = 0;
		};
/* End PBXResourcesBuildPhase section */

/* Begin PBXSourcesBuildPhase section */
		153B28462D8514A700F8D5DB /* Sources */ = {
			isa = PBXSourcesBuildPhase;
			buildActionMask = 2147483647;
			files = (
			);
			runOnlyForDeploymentPostprocessing = 0;
		};
		154409B12D52EC35001D551E /* Sources */ = {
			isa = PBXSourcesBuildPhase;
			buildActionMask = 2147483647;
			files = (
			);
			runOnlyForDeploymentPostprocessing = 0;
		};
		154409BB2D52EC35001D551E /* Sources */ = {
			isa = PBXSourcesBuildPhase;
			buildActionMask = 2147483647;
			files = (
			);
			runOnlyForDeploymentPostprocessing = 0;
		};
		15C105172D63614700E7776A /* Sources */ = {
			isa = PBXSourcesBuildPhase;
			buildActionMask = 2147483647;
			files = (
			);
			runOnlyForDeploymentPostprocessing = 0;
		};
		15D8DF782D869418007B336F /* Sources */ = {
			isa = PBXSourcesBuildPhase;
			buildActionMask = 2147483647;
			files = (
			);
			runOnlyForDeploymentPostprocessing = 0;
		};
		15D8DF812D869418007B336F /* Sources */ = {
			isa = PBXSourcesBuildPhase;
			buildActionMask = 2147483647;
			files = (
			);
			runOnlyForDeploymentPostprocessing = 0;
		};
/* End PBXSourcesBuildPhase section */

/* Begin PBXTargetDependency section */
		153B28502D8514A700F8D5DB /* PBXTargetDependency */ = {
			isa = PBXTargetDependency;
			target = 154409B42D52EC35001D551E /* LeadEssentialFeed */;
			targetProxy = 153B284F2D8514A700F8D5DB /* PBXContainerItemProxy */;
		};
		154409C22D52EC35001D551E /* PBXTargetDependency */ = {
			isa = PBXTargetDependency;
			target = 154409B42D52EC35001D551E /* LeadEssentialFeed */;
			targetProxy = 154409C12D52EC35001D551E /* PBXContainerItemProxy */;
		};
		15C105212D63614700E7776A /* PBXTargetDependency */ = {
			isa = PBXTargetDependency;
			target = 154409B42D52EC35001D551E /* LeadEssentialFeed */;
			targetProxy = 15C105202D63614700E7776A /* PBXContainerItemProxy */;
		};
		15D8DF882D869418007B336F /* PBXTargetDependency */ = {
			isa = PBXTargetDependency;
			target = 15D8DF7B2D869418007B336F /* EssentialFeediOS */;
			targetProxy = 15D8DF872D869418007B336F /* PBXContainerItemProxy */;
		};
/* End PBXTargetDependency section */

/* Begin XCBuildConfiguration section */
		153B28522D8514A700F8D5DB /* Debug */ = {
			isa = XCBuildConfiguration;
			buildSettings = {
				CODE_SIGN_STYLE = Automatic;
				CURRENT_PROJECT_VERSION = 1;
				DEVELOPMENT_TEAM = 3WR7CH3L52;
				GENERATE_INFOPLIST_FILE = YES;
				MACOSX_DEPLOYMENT_TARGET = 15.2;
				MARKETING_VERSION = 1.0;
				PRODUCT_BUNDLE_IDENTIFIER = gowtham.EssentialFeedCacheIntegrationTests;
				PRODUCT_NAME = "$(TARGET_NAME)";
				SUPPORTED_PLATFORMS = "macosx iphoneos iphonesimulator";
				SWIFT_EMIT_LOC_STRINGS = NO;
				SWIFT_VERSION = 5.0;
			};
			name = Debug;
		};
		153B28532D8514A700F8D5DB /* Release */ = {
			isa = XCBuildConfiguration;
			buildSettings = {
				CODE_SIGN_STYLE = Automatic;
				CURRENT_PROJECT_VERSION = 1;
				DEVELOPMENT_TEAM = 3WR7CH3L52;
				GENERATE_INFOPLIST_FILE = YES;
				MACOSX_DEPLOYMENT_TARGET = 15.2;
				MARKETING_VERSION = 1.0;
				PRODUCT_BUNDLE_IDENTIFIER = gowtham.EssentialFeedCacheIntegrationTests;
				PRODUCT_NAME = "$(TARGET_NAME)";
				SUPPORTED_PLATFORMS = "macosx iphoneos iphonesimulator";
				SWIFT_EMIT_LOC_STRINGS = NO;
				SWIFT_VERSION = 5.0;
			};
			name = Release;
		};
		154409C92D52EC35001D551E /* Debug */ = {
			isa = XCBuildConfiguration;
			buildSettings = {
				BUILD_LIBRARY_FOR_DISTRIBUTION = YES;
				CODE_SIGN_IDENTITY = "";
				CODE_SIGN_STYLE = Automatic;
				COMBINE_HIDPI_IMAGES = YES;
				CURRENT_PROJECT_VERSION = 1;
				DEAD_CODE_STRIPPING = YES;
				DEFINES_MODULE = YES;
				DEVELOPMENT_TEAM = 3WR7CH3L52;
				DYLIB_COMPATIBILITY_VERSION = 1;
				DYLIB_CURRENT_VERSION = 1;
				DYLIB_INSTALL_NAME_BASE = "@rpath";
				ENABLE_MODULE_VERIFIER = YES;
				GENERATE_INFOPLIST_FILE = YES;
				INFOPLIST_KEY_NSHumanReadableCopyright = "";
				INSTALL_PATH = "$(LOCAL_LIBRARY_DIR)/Frameworks";
				LD_RUNPATH_SEARCH_PATHS = (
					"$(inherited)",
					"@executable_path/../Frameworks",
					"@loader_path/Frameworks",
				);
				MARKETING_VERSION = 1.0;
				MODULE_VERIFIER_SUPPORTED_LANGUAGES = "objective-c objective-c++";
				MODULE_VERIFIER_SUPPORTED_LANGUAGE_STANDARDS = "gnu17 gnu++20";
				PRODUCT_BUNDLE_IDENTIFIER = gowtham.LeadEssentialFeed;
				PRODUCT_NAME = "$(TARGET_NAME:c99extidentifier)";
				SKIP_INSTALL = YES;
				SUPPORTED_PLATFORMS = "macosx iphonesimulator iphoneos";
				SWIFT_EMIT_LOC_STRINGS = YES;
				SWIFT_INSTALL_OBJC_HEADER = NO;
				SWIFT_VERSION = 5.0;
			};
			name = Debug;
		};
		154409CA2D52EC35001D551E /* Release */ = {
			isa = XCBuildConfiguration;
			buildSettings = {
				BUILD_LIBRARY_FOR_DISTRIBUTION = YES;
				CODE_SIGN_IDENTITY = "";
				CODE_SIGN_STYLE = Automatic;
				COMBINE_HIDPI_IMAGES = YES;
				CURRENT_PROJECT_VERSION = 1;
				DEAD_CODE_STRIPPING = YES;
				DEFINES_MODULE = YES;
				DEVELOPMENT_TEAM = 3WR7CH3L52;
				DYLIB_COMPATIBILITY_VERSION = 1;
				DYLIB_CURRENT_VERSION = 1;
				DYLIB_INSTALL_NAME_BASE = "@rpath";
				ENABLE_MODULE_VERIFIER = YES;
				GENERATE_INFOPLIST_FILE = YES;
				INFOPLIST_KEY_NSHumanReadableCopyright = "";
				INSTALL_PATH = "$(LOCAL_LIBRARY_DIR)/Frameworks";
				LD_RUNPATH_SEARCH_PATHS = (
					"$(inherited)",
					"@executable_path/../Frameworks",
					"@loader_path/Frameworks",
				);
				MARKETING_VERSION = 1.0;
				MODULE_VERIFIER_SUPPORTED_LANGUAGES = "objective-c objective-c++";
				MODULE_VERIFIER_SUPPORTED_LANGUAGE_STANDARDS = "gnu17 gnu++20";
				PRODUCT_BUNDLE_IDENTIFIER = gowtham.LeadEssentialFeed;
				PRODUCT_NAME = "$(TARGET_NAME:c99extidentifier)";
				SKIP_INSTALL = YES;
				SUPPORTED_PLATFORMS = "macosx iphonesimulator iphoneos";
				SWIFT_EMIT_LOC_STRINGS = YES;
				SWIFT_INSTALL_OBJC_HEADER = NO;
				SWIFT_VERSION = 5.0;
			};
			name = Release;
		};
		154409CB2D52EC35001D551E /* Debug */ = {
			isa = XCBuildConfiguration;
			buildSettings = {
				ALWAYS_SEARCH_USER_PATHS = NO;
				ASSETCATALOG_COMPILER_GENERATE_SWIFT_ASSET_SYMBOL_EXTENSIONS = YES;
				CLANG_ANALYZER_NONNULL = YES;
				CLANG_ANALYZER_NUMBER_OBJECT_CONVERSION = YES_AGGRESSIVE;
				CLANG_CXX_LANGUAGE_STANDARD = "gnu++20";
				CLANG_ENABLE_MODULES = YES;
				CLANG_ENABLE_OBJC_ARC = YES;
				CLANG_ENABLE_OBJC_WEAK = YES;
				CLANG_WARN_BLOCK_CAPTURE_AUTORELEASING = YES;
				CLANG_WARN_BOOL_CONVERSION = YES;
				CLANG_WARN_COMMA = YES;
				CLANG_WARN_CONSTANT_CONVERSION = YES;
				CLANG_WARN_DEPRECATED_OBJC_IMPLEMENTATIONS = YES;
				CLANG_WARN_DIRECT_OBJC_ISA_USAGE = YES_ERROR;
				CLANG_WARN_DOCUMENTATION_COMMENTS = YES;
				CLANG_WARN_EMPTY_BODY = YES;
				CLANG_WARN_ENUM_CONVERSION = YES;
				CLANG_WARN_INFINITE_RECURSION = YES;
				CLANG_WARN_INT_CONVERSION = YES;
				CLANG_WARN_NON_LITERAL_NULL_CONVERSION = YES;
				CLANG_WARN_OBJC_IMPLICIT_RETAIN_SELF = YES;
				CLANG_WARN_OBJC_LITERAL_CONVERSION = YES;
				CLANG_WARN_OBJC_ROOT_CLASS = YES_ERROR;
				CLANG_WARN_QUOTED_INCLUDE_IN_FRAMEWORK_HEADER = YES;
				CLANG_WARN_RANGE_LOOP_ANALYSIS = YES;
				CLANG_WARN_STRICT_PROTOTYPES = YES;
				CLANG_WARN_SUSPICIOUS_MOVE = YES;
				CLANG_WARN_UNGUARDED_AVAILABILITY = YES_AGGRESSIVE;
				CLANG_WARN_UNREACHABLE_CODE = YES;
				CLANG_WARN__DUPLICATE_METHOD_MATCH = YES;
				COPY_PHASE_STRIP = NO;
				CURRENT_PROJECT_VERSION = 1;
				DEAD_CODE_STRIPPING = YES;
				DEBUG_INFORMATION_FORMAT = dwarf;
				ENABLE_STRICT_OBJC_MSGSEND = YES;
				ENABLE_TESTABILITY = YES;
				ENABLE_USER_SCRIPT_SANDBOXING = YES;
				GCC_C_LANGUAGE_STANDARD = gnu17;
				GCC_DYNAMIC_NO_PIC = NO;
				GCC_NO_COMMON_BLOCKS = YES;
				GCC_OPTIMIZATION_LEVEL = 0;
				GCC_PREPROCESSOR_DEFINITIONS = (
					"DEBUG=1",
					"$(inherited)",
				);
				GCC_WARN_64_TO_32_BIT_CONVERSION = YES;
				GCC_WARN_ABOUT_RETURN_TYPE = YES_ERROR;
				GCC_WARN_UNDECLARED_SELECTOR = YES;
				GCC_WARN_UNINITIALIZED_AUTOS = YES_AGGRESSIVE;
				GCC_WARN_UNUSED_FUNCTION = YES;
				GCC_WARN_UNUSED_VARIABLE = YES;
				LOCALIZATION_PREFERS_STRING_CATALOGS = YES;
				MACOSX_DEPLOYMENT_TARGET = 15.0;
				MTL_ENABLE_DEBUG_INFO = INCLUDE_SOURCE;
				MTL_FAST_MATH = YES;
				ONLY_ACTIVE_ARCH = YES;
				SDKROOT = macosx;
				SWIFT_ACTIVE_COMPILATION_CONDITIONS = "DEBUG $(inherited)";
				SWIFT_OPTIMIZATION_LEVEL = "-Onone";
				VERSIONING_SYSTEM = "apple-generic";
				VERSION_INFO_PREFIX = "";
			};
			name = Debug;
		};
		154409CC2D52EC35001D551E /* Release */ = {
			isa = XCBuildConfiguration;
			buildSettings = {
				ALWAYS_SEARCH_USER_PATHS = NO;
				ASSETCATALOG_COMPILER_GENERATE_SWIFT_ASSET_SYMBOL_EXTENSIONS = YES;
				CLANG_ANALYZER_NONNULL = YES;
				CLANG_ANALYZER_NUMBER_OBJECT_CONVERSION = YES_AGGRESSIVE;
				CLANG_CXX_LANGUAGE_STANDARD = "gnu++20";
				CLANG_ENABLE_MODULES = YES;
				CLANG_ENABLE_OBJC_ARC = YES;
				CLANG_ENABLE_OBJC_WEAK = YES;
				CLANG_WARN_BLOCK_CAPTURE_AUTORELEASING = YES;
				CLANG_WARN_BOOL_CONVERSION = YES;
				CLANG_WARN_COMMA = YES;
				CLANG_WARN_CONSTANT_CONVERSION = YES;
				CLANG_WARN_DEPRECATED_OBJC_IMPLEMENTATIONS = YES;
				CLANG_WARN_DIRECT_OBJC_ISA_USAGE = YES_ERROR;
				CLANG_WARN_DOCUMENTATION_COMMENTS = YES;
				CLANG_WARN_EMPTY_BODY = YES;
				CLANG_WARN_ENUM_CONVERSION = YES;
				CLANG_WARN_INFINITE_RECURSION = YES;
				CLANG_WARN_INT_CONVERSION = YES;
				CLANG_WARN_NON_LITERAL_NULL_CONVERSION = YES;
				CLANG_WARN_OBJC_IMPLICIT_RETAIN_SELF = YES;
				CLANG_WARN_OBJC_LITERAL_CONVERSION = YES;
				CLANG_WARN_OBJC_ROOT_CLASS = YES_ERROR;
				CLANG_WARN_QUOTED_INCLUDE_IN_FRAMEWORK_HEADER = YES;
				CLANG_WARN_RANGE_LOOP_ANALYSIS = YES;
				CLANG_WARN_STRICT_PROTOTYPES = YES;
				CLANG_WARN_SUSPICIOUS_MOVE = YES;
				CLANG_WARN_UNGUARDED_AVAILABILITY = YES_AGGRESSIVE;
				CLANG_WARN_UNREACHABLE_CODE = YES;
				CLANG_WARN__DUPLICATE_METHOD_MATCH = YES;
				COPY_PHASE_STRIP = NO;
				CURRENT_PROJECT_VERSION = 1;
				DEAD_CODE_STRIPPING = YES;
				DEBUG_INFORMATION_FORMAT = "dwarf-with-dsym";
				ENABLE_NS_ASSERTIONS = NO;
				ENABLE_STRICT_OBJC_MSGSEND = YES;
				ENABLE_USER_SCRIPT_SANDBOXING = YES;
				GCC_C_LANGUAGE_STANDARD = gnu17;
				GCC_NO_COMMON_BLOCKS = YES;
				GCC_WARN_64_TO_32_BIT_CONVERSION = YES;
				GCC_WARN_ABOUT_RETURN_TYPE = YES_ERROR;
				GCC_WARN_UNDECLARED_SELECTOR = YES;
				GCC_WARN_UNINITIALIZED_AUTOS = YES_AGGRESSIVE;
				GCC_WARN_UNUSED_FUNCTION = YES;
				GCC_WARN_UNUSED_VARIABLE = YES;
				LOCALIZATION_PREFERS_STRING_CATALOGS = YES;
				MACOSX_DEPLOYMENT_TARGET = 15.0;
				MTL_ENABLE_DEBUG_INFO = NO;
				MTL_FAST_MATH = YES;
				SDKROOT = macosx;
				SWIFT_COMPILATION_MODE = wholemodule;
				VERSIONING_SYSTEM = "apple-generic";
				VERSION_INFO_PREFIX = "";
			};
			name = Release;
		};
		154409CE2D52EC35001D551E /* Debug */ = {
			isa = XCBuildConfiguration;
			buildSettings = {
				CODE_SIGN_STYLE = Automatic;
				CURRENT_PROJECT_VERSION = 1;
				DEAD_CODE_STRIPPING = YES;
				DEVELOPMENT_TEAM = 3WR7CH3L52;
				GENERATE_INFOPLIST_FILE = YES;
				MARKETING_VERSION = 1.0;
				PRODUCT_BUNDLE_IDENTIFIER = gowtham.LeadEssentialFeedTests;
				PRODUCT_NAME = "$(TARGET_NAME)";
				SUPPORTED_PLATFORMS = "macosx iphoneos iphonesimulator";
				SWIFT_EMIT_LOC_STRINGS = NO;
				SWIFT_VERSION = 5.0;
			};
			name = Debug;
		};
		154409CF2D52EC35001D551E /* Release */ = {
			isa = XCBuildConfiguration;
			buildSettings = {
				CODE_SIGN_STYLE = Automatic;
				CURRENT_PROJECT_VERSION = 1;
				DEAD_CODE_STRIPPING = YES;
				DEVELOPMENT_TEAM = 3WR7CH3L52;
				GENERATE_INFOPLIST_FILE = YES;
				MARKETING_VERSION = 1.0;
				PRODUCT_BUNDLE_IDENTIFIER = gowtham.LeadEssentialFeedTests;
				PRODUCT_NAME = "$(TARGET_NAME)";
				SUPPORTED_PLATFORMS = "macosx iphoneos iphonesimulator";
				SWIFT_EMIT_LOC_STRINGS = NO;
				SWIFT_VERSION = 5.0;
			};
			name = Release;
		};
		15C105232D63614700E7776A /* Debug */ = {
			isa = XCBuildConfiguration;
			buildSettings = {
				CODE_SIGN_STYLE = Automatic;
				CURRENT_PROJECT_VERSION = 1;
				DEAD_CODE_STRIPPING = YES;
				DEVELOPMENT_TEAM = 3WR7CH3L52;
				GENERATE_INFOPLIST_FILE = YES;
				MARKETING_VERSION = 1.0;
				PRODUCT_BUNDLE_IDENTIFIER = gowtham.EssentialFeedAPIEndToEndTests;
				PRODUCT_NAME = "$(TARGET_NAME)";
				SUPPORTED_PLATFORMS = "macosx iphonesimulator iphoneos";
				SWIFT_EMIT_LOC_STRINGS = NO;
				SWIFT_VERSION = 5.0;
			};
			name = Debug;
		};
		15C105242D63614700E7776A /* Release */ = {
			isa = XCBuildConfiguration;
			buildSettings = {
				CODE_SIGN_STYLE = Automatic;
				CURRENT_PROJECT_VERSION = 1;
				DEAD_CODE_STRIPPING = YES;
				DEVELOPMENT_TEAM = 3WR7CH3L52;
				GENERATE_INFOPLIST_FILE = YES;
				MARKETING_VERSION = 1.0;
				PRODUCT_BUNDLE_IDENTIFIER = gowtham.EssentialFeedAPIEndToEndTests;
				PRODUCT_NAME = "$(TARGET_NAME)";
				SUPPORTED_PLATFORMS = "macosx iphonesimulator iphoneos";
				SWIFT_EMIT_LOC_STRINGS = NO;
				SWIFT_VERSION = 5.0;
			};
			name = Release;
		};
		15D8DF8F2D869418007B336F /* Debug */ = {
			isa = XCBuildConfiguration;
			buildSettings = {
				BUILD_LIBRARY_FOR_DISTRIBUTION = YES;
				CODE_SIGN_STYLE = Automatic;
				CURRENT_PROJECT_VERSION = 1;
				DEFINES_MODULE = YES;
				DEVELOPMENT_TEAM = 3WR7CH3L52;
				DYLIB_COMPATIBILITY_VERSION = 1;
				DYLIB_CURRENT_VERSION = 1;
				DYLIB_INSTALL_NAME_BASE = "@rpath";
				ENABLE_MODULE_VERIFIER = YES;
				GENERATE_INFOPLIST_FILE = YES;
				INFOPLIST_KEY_NSHumanReadableCopyright = "";
				INSTALL_PATH = "$(LOCAL_LIBRARY_DIR)/Frameworks";
				IPHONEOS_DEPLOYMENT_TARGET = 18.2;
				LD_RUNPATH_SEARCH_PATHS = (
					"$(inherited)",
					"@executable_path/Frameworks",
					"@loader_path/Frameworks",
				);
				MARKETING_VERSION = 1.0;
				MODULE_VERIFIER_SUPPORTED_LANGUAGES = "objective-c objective-c++";
				MODULE_VERIFIER_SUPPORTED_LANGUAGE_STANDARDS = "gnu17 gnu++20";
				PRODUCT_BUNDLE_IDENTIFIER = gowtham.EssentialFeediOS;
				PRODUCT_NAME = "$(TARGET_NAME:c99extidentifier)";
				SDKROOT = iphoneos;
				SKIP_INSTALL = YES;
				SWIFT_EMIT_LOC_STRINGS = YES;
				SWIFT_INSTALL_OBJC_HEADER = NO;
				SWIFT_VERSION = 5.0;
				TARGETED_DEVICE_FAMILY = "1,2";
			};
			name = Debug;
		};
		15D8DF902D869418007B336F /* Release */ = {
			isa = XCBuildConfiguration;
			buildSettings = {
				BUILD_LIBRARY_FOR_DISTRIBUTION = YES;
				CODE_SIGN_STYLE = Automatic;
				CURRENT_PROJECT_VERSION = 1;
				DEFINES_MODULE = YES;
				DEVELOPMENT_TEAM = 3WR7CH3L52;
				DYLIB_COMPATIBILITY_VERSION = 1;
				DYLIB_CURRENT_VERSION = 1;
				DYLIB_INSTALL_NAME_BASE = "@rpath";
				ENABLE_MODULE_VERIFIER = YES;
				GENERATE_INFOPLIST_FILE = YES;
				INFOPLIST_KEY_NSHumanReadableCopyright = "";
				INSTALL_PATH = "$(LOCAL_LIBRARY_DIR)/Frameworks";
				IPHONEOS_DEPLOYMENT_TARGET = 18.2;
				LD_RUNPATH_SEARCH_PATHS = (
					"$(inherited)",
					"@executable_path/Frameworks",
					"@loader_path/Frameworks",
				);
				MARKETING_VERSION = 1.0;
				MODULE_VERIFIER_SUPPORTED_LANGUAGES = "objective-c objective-c++";
				MODULE_VERIFIER_SUPPORTED_LANGUAGE_STANDARDS = "gnu17 gnu++20";
				PRODUCT_BUNDLE_IDENTIFIER = gowtham.EssentialFeediOS;
				PRODUCT_NAME = "$(TARGET_NAME:c99extidentifier)";
				SDKROOT = iphoneos;
				SKIP_INSTALL = YES;
				SWIFT_EMIT_LOC_STRINGS = YES;
				SWIFT_INSTALL_OBJC_HEADER = NO;
				SWIFT_VERSION = 5.0;
				TARGETED_DEVICE_FAMILY = "1,2";
				VALIDATE_PRODUCT = YES;
			};
			name = Release;
		};
		15D8DF922D869418007B336F /* Debug */ = {
			isa = XCBuildConfiguration;
			buildSettings = {
				CODE_SIGN_STYLE = Automatic;
				CURRENT_PROJECT_VERSION = 1;
				DEVELOPMENT_TEAM = 3WR7CH3L52;
				GENERATE_INFOPLIST_FILE = YES;
				IPHONEOS_DEPLOYMENT_TARGET = 18.2;
				MARKETING_VERSION = 1.0;
				PRODUCT_BUNDLE_IDENTIFIER = gowtham.EssentialFeediOSTests;
				PRODUCT_NAME = "$(TARGET_NAME)";
				SDKROOT = iphoneos;
				SWIFT_EMIT_LOC_STRINGS = NO;
				SWIFT_VERSION = 5.0;
				TARGETED_DEVICE_FAMILY = "1,2";
			};
			name = Debug;
		};
		15D8DF932D869418007B336F /* Release */ = {
			isa = XCBuildConfiguration;
			buildSettings = {
				CODE_SIGN_STYLE = Automatic;
				CURRENT_PROJECT_VERSION = 1;
				DEVELOPMENT_TEAM = 3WR7CH3L52;
				GENERATE_INFOPLIST_FILE = YES;
				IPHONEOS_DEPLOYMENT_TARGET = 18.2;
				MARKETING_VERSION = 1.0;
				PRODUCT_BUNDLE_IDENTIFIER = gowtham.EssentialFeediOSTests;
				PRODUCT_NAME = "$(TARGET_NAME)";
				SDKROOT = iphoneos;
				SWIFT_EMIT_LOC_STRINGS = NO;
				SWIFT_VERSION = 5.0;
				TARGETED_DEVICE_FAMILY = "1,2";
				VALIDATE_PRODUCT = YES;
			};
			name = Release;
		};
/* End XCBuildConfiguration section */

/* Begin XCConfigurationList section */
		153B28512D8514A700F8D5DB /* Build configuration list for PBXNativeTarget "EssentialFeedCacheIntegrationTests" */ = {
			isa = XCConfigurationList;
			buildConfigurations = (
				153B28522D8514A700F8D5DB /* Debug */,
				153B28532D8514A700F8D5DB /* Release */,
			);
			defaultConfigurationIsVisible = 0;
			defaultConfigurationName = Release;
		};
		154409AF2D52EC35001D551E /* Build configuration list for PBXProject "LeadEssentialFeed" */ = {
			isa = XCConfigurationList;
			buildConfigurations = (
				154409CB2D52EC35001D551E /* Debug */,
				154409CC2D52EC35001D551E /* Release */,
			);
			defaultConfigurationIsVisible = 0;
			defaultConfigurationName = Release;
		};
		154409C82D52EC35001D551E /* Build configuration list for PBXNativeTarget "LeadEssentialFeed" */ = {
			isa = XCConfigurationList;
			buildConfigurations = (
				154409C92D52EC35001D551E /* Debug */,
				154409CA2D52EC35001D551E /* Release */,
			);
			defaultConfigurationIsVisible = 0;
			defaultConfigurationName = Release;
		};
		154409CD2D52EC35001D551E /* Build configuration list for PBXNativeTarget "LeadEssentialFeedTests" */ = {
			isa = XCConfigurationList;
			buildConfigurations = (
				154409CE2D52EC35001D551E /* Debug */,
				154409CF2D52EC35001D551E /* Release */,
			);
			defaultConfigurationIsVisible = 0;
			defaultConfigurationName = Release;
		};
		15C105222D63614700E7776A /* Build configuration list for PBXNativeTarget "EssentialFeedAPIEndToEndTests" */ = {
			isa = XCConfigurationList;
			buildConfigurations = (
				15C105232D63614700E7776A /* Debug */,
				15C105242D63614700E7776A /* Release */,
			);
			defaultConfigurationIsVisible = 0;
			defaultConfigurationName = Release;
		};
		15D8DF8E2D869418007B336F /* Build configuration list for PBXNativeTarget "EssentialFeediOS" */ = {
			isa = XCConfigurationList;
			buildConfigurations = (
				15D8DF8F2D869418007B336F /* Debug */,
				15D8DF902D869418007B336F /* Release */,
			);
			defaultConfigurationIsVisible = 0;
			defaultConfigurationName = Release;
		};
		15D8DF912D869418007B336F /* Build configuration list for PBXNativeTarget "EssentialFeediOSTests" */ = {
			isa = XCConfigurationList;
			buildConfigurations = (
				15D8DF922D869418007B336F /* Debug */,
				15D8DF932D869418007B336F /* Release */,
			);
			defaultConfigurationIsVisible = 0;
			defaultConfigurationName = Release;
		};
/* End XCConfigurationList section */
	};
	rootObject = 154409AC2D52EC35001D551E /* Project object */;
}
